
Microsoft Visual Studio Solution File, Format Version 12.00
# Visual Studio Version 17
VisualStudioVersion = 17.8.34330.188
MinimumVisualStudioVersion = 10.0.40219.1
Project("{FAE04EC0-301F-11D3-BF4B-00C04F79EFBC}") = "JRB.ConsoleUtilities", "JRB.ConsoleUtilities\JRB.ConsoleUtilities.csproj", "{4ECB5DBC-AEC7-463B-8763-530BCF030409}"
EndProject
Global
	GlobalSection(SolutionConfigurationPlatforms) = preSolution
		Debug|Any CPU = Debug|Any CPU
		Release|Any CPU = Release|Any CPU
	EndGlobalSection
	GlobalSection(ProjectConfigurationPlatforms) = postSolution
		{4ECB5DBC-AEC7-463B-8763-530BCF030409}.Debug|Any CPU.ActiveCfg = Debug|Any CPU
		{4ECB5DBC-AEC7-463B-8763-530BCF030409}.Debug|Any CPU.Build.0 = Debug|Any CPU
		{4ECB5DBC-AEC7-463B-8763-530BCF030409}.Release|Any CPU.ActiveCfg = Release|Any CPU
		{4ECB5DBC-AEC7-463B-8763-530BCF030409}.Release|Any CPU.Build.0 = Release|Any CPU
	EndGlobalSection
	GlobalSection(SolutionProperties) = preSolution
		HideSolutionNode = FALSE
	EndGlobalSection
	GlobalSection(ExtensibilityGlobals) = postSolution
		SolutionGuid = {BAA15FCF-7976-4111-A103-265730ABB4B3}
	EndGlobalSection
EndGlobal
